
Microsoft Visual Studio Solution File, Format Version 12.00
# Visual Studio 15
VisualStudioVersion = 15.0.27703.2026
MinimumVisualStudioVersion = 10.0.40219.1
Project("{FAE04EC0-301F-11D3-BF4B-00C04F79EFBC}") = "CustomCodingStyle", "CustomCodingStyle\CustomCodingStyle.csproj", "{A07C9273-17DD-43C9-A18A-E254ADE1BAC9}"
EndProject
Global
	GlobalSection(SolutionConfigurationPlatforms) = preSolution
		Debug|Any CPU = Debug|Any CPU
		Release|Any CPU = Release|Any CPU
	EndGlobalSection
	GlobalSection(ProjectConfigurationPlatforms) = postSolution
		{A07C9273-17DD-43C9-A18A-E254ADE1BAC9}.Debug|Any CPU.ActiveCfg = Debug|Any CPU
		{A07C9273-17DD-43C9-A18A-E254ADE1BAC9}.Debug|Any CPU.Build.0 = Debug|Any CPU
		{A07C9273-17DD-43C9-A18A-E254ADE1BAC9}.Release|Any CPU.ActiveCfg = Release|Any CPU
		{A07C9273-17DD-43C9-A18A-E254ADE1BAC9}.Release|Any CPU.Build.0 = Release|Any CPU
	EndGlobalSection
	GlobalSection(SolutionProperties) = preSolution
		HideSolutionNode = FALSE
	EndGlobalSection
	GlobalSection(ExtensibilityGlobals) = postSolution
		SolutionGuid = {8A0225BE-9257-4F65-9E49-CBA7E0E9C418}
	EndGlobalSection
EndGlobal
